
Microsoft Visual Studio Solution File, Format Version 12.00
Project("{FAE04EC0-301F-11D3-BF4B-00C04F79EFBC}") = "CodeNames.WebApp", "CodeNames.WebApp\CodeNames.WebApp.csproj", "{43486692-4928-401C-9DC8-2EA00E579DF9}"
EndProject
Project("{FAE04EC0-301F-11D3-BF4B-00C04F79EFBC}") = "CodeNames.Cores", "CodeNames.Cores\CodeNames.Cores.csproj", "{F315E922-1F76-4C59-BBF6-9693EE36815A}"
EndProject
Project("{FAE04EC0-301F-11D3-BF4B-00C04F79EFBC}") = "CodeNames.Repositories", "CodeNames.Repositories\CodeNames.Repositories.csproj", "{1086BE77-1A73-48BF-8D33-2204A3274743}"
EndProject
Project("{FAE04EC0-301F-11D3-BF4B-00C04F79EFBC}") = "CodeNames.Repositories.Tests", "CodeNames.Repositories.Tests\CodeNames.Repositories.Tests.csproj", "{581F09BB-0275-4C87-AFB2-D78CB7FE8074}"
EndProject
Project("{FAE04EC0-301F-11D3-BF4B-00C04F79EFBC}") = "CodeNames.Cores.Tests", "CodeNames.Cores.Tests\CodeNames.Cores.Tests.csproj", "{C1305F7C-A20B-4534-82F4-D110A59AA353}"
EndProject
Project("{FAE04EC0-301F-11D3-BF4B-00C04F79EFBC}") = "CodeNames.Utils", "CodeNames.Utils\CodeNames.Utils.csproj", "{8D90847D-F6CA-4BE7-A9F1-D836FC01E4E3}"
EndProject
Project("{FAE04EC0-301F-11D3-BF4B-00C04F79EFBC}") = "CodeNames.Models", "CodeNames.Models\CodeNames.Models.csproj", "{C1B12F0E-D491-4DE7-BDA4-554796FAB4CE}"
EndProject
Project("{FAE04EC0-301F-11D3-BF4B-00C04F79EFBC}") = "CodeNames.Utils.Tests", "CodeNames.Utils.Tests\CodeNames.Utils.Tests.csproj", "{05B344F4-DF7D-4189-A76F-020237ADE7D9}"
EndProject
Global
	GlobalSection(SolutionConfigurationPlatforms) = preSolution
		Debug|Any CPU = Debug|Any CPU
		Release|Any CPU = Release|Any CPU
	EndGlobalSection
	GlobalSection(ProjectConfigurationPlatforms) = postSolution
		{43486692-4928-401C-9DC8-2EA00E579DF9}.Debug|Any CPU.ActiveCfg = Debug|Any CPU
		{43486692-4928-401C-9DC8-2EA00E579DF9}.Debug|Any CPU.Build.0 = Debug|Any CPU
		{43486692-4928-401C-9DC8-2EA00E579DF9}.Release|Any CPU.ActiveCfg = Release|Any CPU
		{43486692-4928-401C-9DC8-2EA00E579DF9}.Release|Any CPU.Build.0 = Release|Any CPU
		{F315E922-1F76-4C59-BBF6-9693EE36815A}.Debug|Any CPU.ActiveCfg = Debug|Any CPU
		{F315E922-1F76-4C59-BBF6-9693EE36815A}.Debug|Any CPU.Build.0 = Debug|Any CPU
		{F315E922-1F76-4C59-BBF6-9693EE36815A}.Release|Any CPU.ActiveCfg = Release|Any CPU
		{F315E922-1F76-4C59-BBF6-9693EE36815A}.Release|Any CPU.Build.0 = Release|Any CPU
		{1086BE77-1A73-48BF-8D33-2204A3274743}.Debug|Any CPU.ActiveCfg = Debug|Any CPU
		{1086BE77-1A73-48BF-8D33-2204A3274743}.Debug|Any CPU.Build.0 = Debug|Any CPU
		{1086BE77-1A73-48BF-8D33-2204A3274743}.Release|Any CPU.ActiveCfg = Release|Any CPU
		{1086BE77-1A73-48BF-8D33-2204A3274743}.Release|Any CPU.Build.0 = Release|Any CPU
		{581F09BB-0275-4C87-AFB2-D78CB7FE8074}.Debug|Any CPU.ActiveCfg = Debug|Any CPU
		{581F09BB-0275-4C87-AFB2-D78CB7FE8074}.Debug|Any CPU.Build.0 = Debug|Any CPU
		{581F09BB-0275-4C87-AFB2-D78CB7FE8074}.Release|Any CPU.ActiveCfg = Release|Any CPU
		{581F09BB-0275-4C87-AFB2-D78CB7FE8074}.Release|Any CPU.Build.0 = Release|Any CPU
		{C1305F7C-A20B-4534-82F4-D110A59AA353}.Debug|Any CPU.ActiveCfg = Debug|Any CPU
		{C1305F7C-A20B-4534-82F4-D110A59AA353}.Debug|Any CPU.Build.0 = Debug|Any CPU
		{C1305F7C-A20B-4534-82F4-D110A59AA353}.Release|Any CPU.ActiveCfg = Release|Any CPU
		{C1305F7C-A20B-4534-82F4-D110A59AA353}.Release|Any CPU.Build.0 = Release|Any CPU
		{8D90847D-F6CA-4BE7-A9F1-D836FC01E4E3}.Debug|Any CPU.ActiveCfg = Debug|Any CPU
		{8D90847D-F6CA-4BE7-A9F1-D836FC01E4E3}.Debug|Any CPU.Build.0 = Debug|Any CPU
		{8D90847D-F6CA-4BE7-A9F1-D836FC01E4E3}.Release|Any CPU.ActiveCfg = Release|Any CPU
		{8D90847D-F6CA-4BE7-A9F1-D836FC01E4E3}.Release|Any CPU.Build.0 = Release|Any CPU
		{C1B12F0E-D491-4DE7-BDA4-554796FAB4CE}.Debug|Any CPU.ActiveCfg = Debug|Any CPU
		{C1B12F0E-D491-4DE7-BDA4-554796FAB4CE}.Debug|Any CPU.Build.0 = Debug|Any CPU
		{C1B12F0E-D491-4DE7-BDA4-554796FAB4CE}.Release|Any CPU.ActiveCfg = Release|Any CPU
		{C1B12F0E-D491-4DE7-BDA4-554796FAB4CE}.Release|Any CPU.Build.0 = Release|Any CPU
		{05B344F4-DF7D-4189-A76F-020237ADE7D9}.Debug|Any CPU.ActiveCfg = Debug|Any CPU
		{05B344F4-DF7D-4189-A76F-020237ADE7D9}.Debug|Any CPU.Build.0 = Debug|Any CPU
		{05B344F4-DF7D-4189-A76F-020237ADE7D9}.Release|Any CPU.ActiveCfg = Release|Any CPU
		{05B344F4-DF7D-4189-A76F-020237ADE7D9}.Release|Any CPU.Build.0 = Release|Any CPU
	EndGlobalSection
EndGlobal
